// !$*UTF8*$!
{
	archiveVersion = 1;
	classes = {
	};
	objectVersion = 51;
	objects = {

/* Begin PBXBuildFile section */
		296D27D52396E91300202538 /* CollectionViewCell.swift in Sources */ = {isa = PBXBuildFile; fileRef = 296D27D32396E91300202538 /* CollectionViewCell.swift */; };
		296D27D62396E91300202538 /* CollectionViewCell.xib in Resources */ = {isa = PBXBuildFile; fileRef = 296D27D42396E91300202538 /* CollectionViewCell.xib */; };
		2990C873239D2E9D00ECD386 /* TblVC.swift in Sources */ = {isa = PBXBuildFile; fileRef = 2990C871239D2E9D00ECD386 /* TblVC.swift */; };
		2990C874239D2E9D00ECD386 /* TblVC.xib in Resources */ = {isa = PBXBuildFile; fileRef = 2990C872239D2E9D00ECD386 /* TblVC.xib */; };
		2990C878239EAA7900ECD386 /* CollectonViewTableViewCell.swift in Sources */ = {isa = PBXBuildFile; fileRef = 2990C876239EAA7900ECD386 /* CollectonViewTableViewCell.swift */; };
		2990C879239EAA7900ECD386 /* CollectonViewTableViewCell.xib in Resources */ = {isa = PBXBuildFile; fileRef = 2990C877239EAA7900ECD386 /* CollectonViewTableViewCell.xib */; };
		29F464B123955C58004CE460 /* AppDelegate.swift in Sources */ = {isa = PBXBuildFile; fileRef = 29F464B023955C58004CE460 /* AppDelegate.swift */; };
		29F464B323955C58004CE460 /* MainVC.swift in Sources */ = {isa = PBXBuildFile; fileRef = 29F464B223955C58004CE460 /* MainVC.swift */; };
		29F464B623955C58004CE460 /* Main.storyboard in Resources */ = {isa = PBXBuildFile; fileRef = 29F464B423955C58004CE460 /* Main.storyboard */; };
		29F464B823955C5A004CE460 /* Assets.xcassets in Resources */ = {isa = PBXBuildFile; fileRef = 29F464B723955C5A004CE460 /* Assets.xcassets */; };
		29F464BB23955C5A004CE460 /* LaunchScreen.storyboard in Resources */ = {isa = PBXBuildFile; fileRef = 29F464B923955C5A004CE460 /* LaunchScreen.storyboard */; };
		29F464C82395A497004CE460 /* EventTableViewCell.swift in Sources */ = {isa = PBXBuildFile; fileRef = 29F464C62395A497004CE460 /* EventTableViewCell.swift */; };
		29F464C92395A497004CE460 /* EventTableViewCell.xib in Resources */ = {isa = PBXBuildFile; fileRef = 29F464C72395A497004CE460 /* EventTableViewCell.xib */; };
		29F464CD2395A970004CE460 /* API.swift in Sources */ = {isa = PBXBuildFile; fileRef = 29F464CC2395A970004CE460 /* API.swift */; };
		29F464D02395AF27004CE460 /* ExtentionViewController.swift in Sources */ = {isa = PBXBuildFile; fileRef = 29F464CF2395AF27004CE460 /* ExtentionViewController.swift */; };
		FA11C0128319EFAE747578E3 /* Pods_SmartLab.framework in Frameworks */ = {isa = PBXBuildFile; fileRef = EF0DF8A5EC32D3C0FC289263 /* Pods_SmartLab.framework */; };
/* End PBXBuildFile section */

/* Begin PBXFileReference section */
		138A0693ABA3097F5787B61F /* Pods-SmartLab.debug.xcconfig */ = {isa = PBXFileReference; includeInIndex = 1; lastKnownFileType = text.xcconfig; name = "Pods-SmartLab.debug.xcconfig"; path = "Target Support Files/Pods-SmartLab/Pods-SmartLab.debug.xcconfig"; sourceTree = "<group>"; };
		296D27D32396E91300202538 /* CollectionViewCell.swift */ = {isa = PBXFileReference; lastKnownFileType = sourcecode.swift; path = CollectionViewCell.swift; sourceTree = "<group>"; };
		296D27D42396E91300202538 /* CollectionViewCell.xib */ = {isa = PBXFileReference; lastKnownFileType = file.xib; path = CollectionViewCell.xib; sourceTree = "<group>"; };
		2990C871239D2E9D00ECD386 /* TblVC.swift */ = {isa = PBXFileReference; lastKnownFileType = sourcecode.swift; path = TblVC.swift; sourceTree = "<group>"; };
		2990C872239D2E9D00ECD386 /* TblVC.xib */ = {isa = PBXFileReference; lastKnownFileType = file.xib; path = TblVC.xib; sourceTree = "<group>"; };
		2990C876239EAA7900ECD386 /* CollectonViewTableViewCell.swift */ = {isa = PBXFileReference; lastKnownFileType = sourcecode.swift; path = CollectonViewTableViewCell.swift; sourceTree = "<group>"; };
		2990C877239EAA7900ECD386 /* CollectonViewTableViewCell.xib */ = {isa = PBXFileReference; lastKnownFileType = file.xib; path = CollectonViewTableViewCell.xib; sourceTree = "<group>"; };
		29F464AD23955C58004CE460 /* SmartLab.app */ = {isa = PBXFileReference; explicitFileType = wrapper.application; includeInIndex = 0; path = SmartLab.app; sourceTree = BUILT_PRODUCTS_DIR; };
		29F464B023955C58004CE460 /* AppDelegate.swift */ = {isa = PBXFileReference; lastKnownFileType = sourcecode.swift; path = AppDelegate.swift; sourceTree = "<group>"; };
		29F464B223955C58004CE460 /* MainVC.swift */ = {isa = PBXFileReference; lastKnownFileType = sourcecode.swift; path = MainVC.swift; sourceTree = "<group>"; };
		29F464B523955C58004CE460 /* Base */ = {isa = PBXFileReference; lastKnownFileType = file.storyboard; name = Base; path = Base.lproj/Main.storyboard; sourceTree = "<group>"; };
		29F464B723955C5A004CE460 /* Assets.xcassets */ = {isa = PBXFileReference; lastKnownFileType = folder.assetcatalog; path = Assets.xcassets; sourceTree = "<group>"; };
		29F464BA23955C5A004CE460 /* Base */ = {isa = PBXFileReference; lastKnownFileType = file.storyboard; name = Base; path = Base.lproj/LaunchScreen.storyboard; sourceTree = "<group>"; };
		29F464BC23955C5A004CE460 /* Info.plist */ = {isa = PBXFileReference; lastKnownFileType = text.plist.xml; path = Info.plist; sourceTree = "<group>"; };
		29F464C62395A497004CE460 /* EventTableViewCell.swift */ = {isa = PBXFileReference; lastKnownFileType = sourcecode.swift; path = EventTableViewCell.swift; sourceTree = "<group>"; };
		29F464C72395A497004CE460 /* EventTableViewCell.xib */ = {isa = PBXFileReference; lastKnownFileType = file.xib; path = EventTableViewCell.xib; sourceTree = "<group>"; };
		29F464CC2395A970004CE460 /* API.swift */ = {isa = PBXFileReference; lastKnownFileType = sourcecode.swift; path = API.swift; sourceTree = "<group>"; };
		29F464CF2395AF27004CE460 /* ExtentionViewController.swift */ = {isa = PBXFileReference; lastKnownFileType = sourcecode.swift; path = ExtentionViewController.swift; sourceTree = "<group>"; };
		B70932B2ECC59333D66916DE /* Pods-SmartLab.release.xcconfig */ = {isa = PBXFileReference; includeInIndex = 1; lastKnownFileType = text.xcconfig; name = "Pods-SmartLab.release.xcconfig"; path = "Target Support Files/Pods-SmartLab/Pods-SmartLab.release.xcconfig"; sourceTree = "<group>"; };
		EF0DF8A5EC32D3C0FC289263 /* Pods_SmartLab.framework */ = {isa = PBXFileReference; explicitFileType = wrapper.framework; includeInIndex = 0; path = Pods_SmartLab.framework; sourceTree = BUILT_PRODUCTS_DIR; };
/* End PBXFileReference section */

/* Begin PBXFrameworksBuildPhase section */
		29F464AA23955C58004CE460 /* Frameworks */ = {
			isa = PBXFrameworksBuildPhase;
			buildActionMask = 2147483647;
			files = (
				FA11C0128319EFAE747578E3 /* Pods_SmartLab.framework in Frameworks */,
			);
			runOnlyForDeploymentPostprocessing = 0;
		};
/* End PBXFrameworksBuildPhase section */

/* Begin PBXGroup section */
		29F464A423955C58004CE460 = {
			isa = PBXGroup;
			children = (
				29F464AF23955C58004CE460 /* SmartLab */,
				29F464AE23955C58004CE460 /* Products */,
				A840DD1FC7A9EC1B6A77A9E5 /* Pods */,
				70018FD0DF13FB74392457B4 /* Frameworks */,
			);
			sourceTree = "<group>";
		};
		29F464AE23955C58004CE460 /* Products */ = {
			isa = PBXGroup;
			children = (
				29F464AD23955C58004CE460 /* SmartLab.app */,
			);
			name = Products;
			sourceTree = "<group>";
		};
		29F464AF23955C58004CE460 /* SmartLab */ = {
			isa = PBXGroup;
			children = (
				29F464CE2395AEC6004CE460 /* Extentions */,
				29F464B023955C58004CE460 /* AppDelegate.swift */,
				29F464B223955C58004CE460 /* MainVC.swift */,
				29F464B423955C58004CE460 /* Main.storyboard */,
				29F464B723955C5A004CE460 /* Assets.xcassets */,
				29F464B923955C5A004CE460 /* LaunchScreen.storyboard */,
				29F464BC23955C5A004CE460 /* Info.plist */,
				29F464CC2395A970004CE460 /* API.swift */,
				2990C871239D2E9D00ECD386 /* TblVC.swift */,
				2990C872239D2E9D00ECD386 /* TblVC.xib */,
				296D27D32396E91300202538 /* CollectionViewCell.swift */,
				296D27D42396E91300202538 /* CollectionViewCell.xib */,
				29F464C62395A497004CE460 /* EventTableViewCell.swift */,
				29F464C72395A497004CE460 /* EventTableViewCell.xib */,
				2990C876239EAA7900ECD386 /* CollectonViewTableViewCell.swift */,
				2990C877239EAA7900ECD386 /* CollectonViewTableViewCell.xib */,
			);
			path = SmartLab;
			sourceTree = "<group>";
		};
		29F464CE2395AEC6004CE460 /* Extentions */ = {
			isa = PBXGroup;
			children = (
				29F464CF2395AF27004CE460 /* ExtentionViewController.swift */,
			);
			path = Extentions;
			sourceTree = "<group>";
		};
		70018FD0DF13FB74392457B4 /* Frameworks */ = {
			isa = PBXGroup;
			children = (
				EF0DF8A5EC32D3C0FC289263 /* Pods_SmartLab.framework */,
			);
			name = Frameworks;
			sourceTree = "<group>";
		};
		A840DD1FC7A9EC1B6A77A9E5 /* Pods */ = {
			isa = PBXGroup;
			children = (
				138A0693ABA3097F5787B61F /* Pods-SmartLab.debug.xcconfig */,
				B70932B2ECC59333D66916DE /* Pods-SmartLab.release.xcconfig */,
			);
			path = Pods;
			sourceTree = "<group>";
		};
/* End PBXGroup section */

/* Begin PBXNativeTarget section */
		29F464AC23955C58004CE460 /* SmartLab */ = {
			isa = PBXNativeTarget;
			buildConfigurationList = 29F464BF23955C5A004CE460 /* Build configuration list for PBXNativeTarget "SmartLab" */;
			buildPhases = (
				8BB955C5FFA2DC19911C97E2 /* [CP] Check Pods Manifest.lock */,
				29F464A923955C58004CE460 /* Sources */,
				29F464AA23955C58004CE460 /* Frameworks */,
				29F464AB23955C58004CE460 /* Resources */,
				8A12EB1FCE76F8FC1D325D5C /* [CP] Embed Pods Frameworks */,
			);
			buildRules = (
			);
			dependencies = (
			);
			name = SmartLab;
			productName = SmartLab;
			productReference = 29F464AD23955C58004CE460 /* SmartLab.app */;
			productType = "com.apple.product-type.application";
		};
/* End PBXNativeTarget section */

/* Begin PBXProject section */
		29F464A523955C58004CE460 /* Project object */ = {
			isa = PBXProject;
			attributes = {
				LastSwiftUpdateCheck = 1020;
				LastUpgradeCheck = 1020;
				ORGANIZATIONNAME = maika;
				TargetAttributes = {
					29F464AC23955C58004CE460 = {
						CreatedOnToolsVersion = 10.2.1;
					};
				};
			};
			buildConfigurationList = 29F464A823955C58004CE460 /* Build configuration list for PBXProject "SmartLab" */;
			compatibilityVersion = "Xcode 9.3";
			developmentRegion = en;
			hasScannedForEncodings = 0;
			knownRegions = (
				en,
				Base,
			);
			mainGroup = 29F464A423955C58004CE460;
			productRefGroup = 29F464AE23955C58004CE460 /* Products */;
			projectDirPath = "";
			projectRoot = "";
			targets = (
				29F464AC23955C58004CE460 /* SmartLab */,
			);
		};
/* End PBXProject section */

/* Begin PBXResourcesBuildPhase section */
		29F464AB23955C58004CE460 /* Resources */ = {
			isa = PBXResourcesBuildPhase;
			buildActionMask = 2147483647;
			files = (
				29F464C92395A497004CE460 /* EventTableViewCell.xib in Resources */,
				29F464BB23955C5A004CE460 /* LaunchScreen.storyboard in Resources */,
				2990C879239EAA7900ECD386 /* CollectonViewTableViewCell.xib in Resources */,
				29F464B823955C5A004CE460 /* Assets.xcassets in Resources */,
				2990C874239D2E9D00ECD386 /* TblVC.xib in Resources */,
				29F464B623955C58004CE460 /* Main.storyboard in Resources */,
				296D27D62396E91300202538 /* CollectionViewCell.xib in Resources */,
			);
			runOnlyForDeploymentPostprocessing = 0;
		};
/* End PBXResourcesBuildPhase section */

/* Begin PBXShellScriptBuildPhase section */
		8A12EB1FCE76F8FC1D325D5C /* [CP] Embed Pods Frameworks */ = {
			isa = PBXShellScriptBuildPhase;
			buildActionMask = 2147483647;
			files = (
			);
			inputFileListPaths = (
				"${PODS_ROOT}/Target Support Files/Pods-SmartLab/Pods-SmartLab-frameworks-${CONFIGURATION}-input-files.xcfilelist",
			);
			name = "[CP] Embed Pods Frameworks";
			outputFileListPaths = (
				"${PODS_ROOT}/Target Support Files/Pods-SmartLab/Pods-SmartLab-frameworks-${CONFIGURATION}-output-files.xcfilelist",
			);
			runOnlyForDeploymentPostprocessing = 0;
			shellPath = /bin/sh;
			shellScript = "\"${PODS_ROOT}/Target Support Files/Pods-SmartLab/Pods-SmartLab-frameworks.sh\"\n";
			showEnvVarsInLog = 0;
		};
		8BB955C5FFA2DC19911C97E2 /* [CP] Check Pods Manifest.lock */ = {
			isa = PBXShellScriptBuildPhase;
			buildActionMask = 2147483647;
			files = (
			);
			inputFileListPaths = (
			);
			inputPaths = (
				"${PODS_PODFILE_DIR_PATH}/Podfile.lock",
				"${PODS_ROOT}/Manifest.lock",
			);
			name = "[CP] Check Pods Manifest.lock";
			outputFileListPaths = (
			);
			outputPaths = (
				"$(DERIVED_FILE_DIR)/Pods-SmartLab-checkManifestLockResult.txt",
			);
			runOnlyForDeploymentPostprocessing = 0;
			shellPath = /bin/sh;
			shellScript = "diff \"${PODS_PODFILE_DIR_PATH}/Podfile.lock\" \"${PODS_ROOT}/Manifest.lock\" > /dev/null\nif [ $? != 0 ] ; then\n    # print error to STDERR\n    echo \"error: The sandbox is not in sync with the Podfile.lock. Run 'pod install' or update your CocoaPods installation.\" >&2\n    exit 1\nfi\n# This output is used by Xcode 'outputs' to avoid re-running this script phase.\necho \"SUCCESS\" > \"${SCRIPT_OUTPUT_FILE_0}\"\n";
			showEnvVarsInLog = 0;
		};
/* End PBXShellScriptBuildPhase section */

/* Begin PBXSourcesBuildPhase section */
		29F464A923955C58004CE460 /* Sources */ = {
			isa = PBXSourcesBuildPhase;
			buildActionMask = 2147483647;
			files = (
				2990C878239EAA7900ECD386 /* CollectonViewTableViewCell.swift in Sources */,
				29F464C82395A497004CE460 /* EventTableViewCell.swift in Sources */,
				29F464D02395AF27004CE460 /* ExtentionViewController.swift in Sources */,
				2990C873239D2E9D00ECD386 /* TblVC.swift in Sources */,
				296D27D52396E91300202538 /* CollectionViewCell.swift in Sources */,
				29F464B323955C58004CE460 /* MainVC.swift in Sources */,
				29F464CD2395A970004CE460 /* API.swift in Sources */,
				29F464B123955C58004CE460 /* AppDelegate.swift in Sources */,
			);
			runOnlyForDeploymentPostprocessing = 0;
		};
/* End PBXSourcesBuildPhase section */

/* Begin PBXVariantGroup section */
		29F464B423955C58004CE460 /* Main.storyboard */ = {
			isa = PBXVariantGroup;
			children = (
				29F464B523955C58004CE460 /* Base */,
			);
			name = Main.storyboard;
			sourceTree = "<group>";
		};
		29F464B923955C5A004CE460 /* LaunchScreen.storyboard */ = {
			isa = PBXVariantGroup;
			children = (
				29F464BA23955C5A004CE460 /* Base */,
			);
			name = LaunchScreen.storyboard;
			sourceTree = "<group>";
		};
/* End PBXVariantGroup section */

/* Begin XCBuildConfiguration section */
		29F464BD23955C5A004CE460 /* Debug */ = {
			isa = XCBuildConfiguration;
			buildSettings = {
				ALWAYS_SEARCH_USER_PATHS = NO;
				CLANG_ANALYZER_NONNULL = YES;
				CLANG_ANALYZER_NUMBER_OBJECT_CONVERSION = YES_AGGRESSIVE;
				CLANG_CXX_LANGUAGE_STANDARD = "gnu++14";
				CLANG_CXX_LIBRARY = "libc++";
				CLANG_ENABLE_MODULES = YES;
				CLANG_ENABLE_OBJC_ARC = YES;
				CLANG_ENABLE_OBJC_WEAK = YES;
				CLANG_WARN_BLOCK_CAPTURE_AUTORELEASING = YES;
				CLANG_WARN_BOOL_CONVERSION = YES;
				CLANG_WARN_COMMA = YES;
				CLANG_WARN_CONSTANT_CONVERSION = YES;
				CLANG_WARN_DEPRECATED_OBJC_IMPLEMENTATIONS = YES;
				CLANG_WARN_DIRECT_OBJC_ISA_USAGE = YES_ERROR;
				CLANG_WARN_DOCUMENTATION_COMMENTS = YES;
				CLANG_WARN_EMPTY_BODY = YES;
				CLANG_WARN_ENUM_CONVERSION = YES;
				CLANG_WARN_INFINITE_RECURSION = YES;
				CLANG_WARN_INT_CONVERSION = YES;
				CLANG_WARN_NON_LITERAL_NULL_CONVERSION = YES;
				CLANG_WARN_OBJC_IMPLICIT_RETAIN_SELF = YES;
				CLANG_WARN_OBJC_LITERAL_CONVERSION = YES;
				CLANG_WARN_OBJC_ROOT_CLASS = YES_ERROR;
				CLANG_WARN_RANGE_LOOP_ANALYSIS = YES;
				CLANG_WARN_STRICT_PROTOTYPES = YES;
				CLANG_WARN_SUSPICIOUS_MOVE = YES;
				CLANG_WARN_UNGUARDED_AVAILABILITY = YES_AGGRESSIVE;
				CLANG_WARN_UNREACHABLE_CODE = YES;
				CLANG_WARN__DUPLICATE_METHOD_MATCH = YES;
				CODE_SIGN_IDENTITY = "iPhone Developer";
				COPY_PHASE_STRIP = NO;
				DEBUG_INFORMATION_FORMAT = dwarf;
				ENABLE_STRICT_OBJC_MSGSEND = YES;
				ENABLE_TESTABILITY = YES;
				GCC_C_LANGUAGE_STANDARD = gnu11;
				GCC_DYNAMIC_NO_PIC = NO;
				GCC_NO_COMMON_BLOCKS = YES;
				GCC_OPTIMIZATION_LEVEL = 0;
				GCC_PREPROCESSOR_DEFINITIONS = (
					"DEBUG=1",
					"$(inherited)",
				);
				GCC_WARN_64_TO_32_BIT_CONVERSION = YES;
				GCC_WARN_ABOUT_RETURN_TYPE = YES_ERROR;
				GCC_WARN_UNDECLARED_SELECTOR = YES;
				GCC_WARN_UNINITIALIZED_AUTOS = YES_AGGRESSIVE;
				GCC_WARN_UNUSED_FUNCTION = YES;
				GCC_WARN_UNUSED_VARIABLE = YES;
				IPHONEOS_DEPLOYMENT_TARGET = 12.2;
				MTL_ENABLE_DEBUG_INFO = INCLUDE_SOURCE;
				MTL_FAST_MATH = YES;
				ONLY_ACTIVE_ARCH = YES;
				SDKROOT = iphoneos;
				SWIFT_ACTIVE_COMPILATION_CONDITIONS = DEBUG;
				SWIFT_OPTIMIZATION_LEVEL = "-Onone";
			};
			name = Debug;
		};
		29F464BE23955C5A004CE460 /* Release */ = {
			isa = XCBuildConfiguration;
			buildSettings = {
				ALWAYS_SEARCH_USER_PATHS = NO;
				CLANG_ANALYZER_NONNULL = YES;
				CLANG_ANALYZER_NUMBER_OBJECT_CONVERSION = YES_AGGRESSIVE;
				CLANG_CXX_LANGUAGE_STANDARD = "gnu++14";
				CLANG_CXX_LIBRARY = "libc++";
				CLANG_ENABLE_MODULES = YES;
				CLANG_ENABLE_OBJC_ARC = YES;
				CLANG_ENABLE_OBJC_WEAK = YES;
				CLANG_WARN_BLOCK_CAPTURE_AUTORELEASING = YES;
				CLANG_WARN_BOOL_CONVERSION = YES;
				CLANG_WARN_COMMA = YES;
				CLANG_WARN_CONSTANT_CONVERSION = YES;
				CLANG_WARN_DEPRECATED_OBJC_IMPLEMENTATIONS = YES;
				CLANG_WARN_DIRECT_OBJC_ISA_USAGE = YES_ERROR;
				CLANG_WARN_DOCUMENTATION_COMMENTS = YES;
				CLANG_WARN_EMPTY_BODY = YES;
				CLANG_WARN_ENUM_CONVERSION = YES;
				CLANG_WARN_INFINITE_RECURSION = YES;
				CLANG_WARN_INT_CONVERSION = YES;
				CLANG_WARN_NON_LITERAL_NULL_CONVERSION = YES;
				CLANG_WARN_OBJC_IMPLICIT_RETAIN_SELF = YES;
				CLANG_WARN_OBJC_LITERAL_CONVERSION = YES;
				CLANG_WARN_OBJC_ROOT_CLASS = YES_ERROR;
				CLANG_WARN_RANGE_LOOP_ANALYSIS = YES;
				CLANG_WARN_STRICT_PROTOTYPES = YES;
				CLANG_WARN_SUSPICIOUS_MOVE = YES;
				CLANG_WARN_UNGUARDED_AVAILABILITY = YES_AGGRESSIVE;
				CLANG_WARN_UNREACHABLE_CODE = YES;
				CLANG_WARN__DUPLICATE_METHOD_MATCH = YES;
				CODE_SIGN_IDENTITY = "iPhone Developer";
				COPY_PHASE_STRIP = NO;
				DEBUG_INFORMATION_FORMAT = "dwarf-with-dsym";
				ENABLE_NS_ASSERTIONS = NO;
				ENABLE_STRICT_OBJC_MSGSEND = YES;
				GCC_C_LANGUAGE_STANDARD = gnu11;
				GCC_NO_COMMON_BLOCKS = YES;
				GCC_WARN_64_TO_32_BIT_CONVERSION = YES;
				GCC_WARN_ABOUT_RETURN_TYPE = YES_ERROR;
				GCC_WARN_UNDECLARED_SELECTOR = YES;
				GCC_WARN_UNINITIALIZED_AUTOS = YES_AGGRESSIVE;
				GCC_WARN_UNUSED_FUNCTION = YES;
				GCC_WARN_UNUSED_VARIABLE = YES;
				IPHONEOS_DEPLOYMENT_TARGET = 12.2;
				MTL_ENABLE_DEBUG_INFO = NO;
				MTL_FAST_MATH = YES;
				SDKROOT = iphoneos;
				SWIFT_COMPILATION_MODE = wholemodule;
				SWIFT_OPTIMIZATION_LEVEL = "-O";
				VALIDATE_PRODUCT = YES;
			};
			name = Release;
		};
		29F464C023955C5A004CE460 /* Debug */ = {
			isa = XCBuildConfiguration;
			baseConfigurationReference = 138A0693ABA3097F5787B61F /* Pods-SmartLab.debug.xcconfig */;
			buildSettings = {
				ASSETCATALOG_COMPILER_APPICON_NAME = AppIcon;
				CODE_SIGN_STYLE = Automatic;
				DEVELOPMENT_TEAM = ASDMGZ58GV;
				INFOPLIST_FILE = SmartLab/Info.plist;
				LD_RUNPATH_SEARCH_PATHS = (
					"$(inherited)",
					"@executable_path/Frameworks",
				);
				PRODUCT_BUNDLE_IDENTIFIER = com.maika.SmartLab;
				PRODUCT_NAME = "$(TARGET_NAME)";
				SWIFT_VERSION = 5.0;
				TARGETED_DEVICE_FAMILY = "1,2";
			};
			name = Debug;
		};
		29F464C123955C5A004CE460 /* Release */ = {
			isa = XCBuildConfiguration;
			baseConfigurationReference = B70932B2ECC59333D66916DE /* Pods-SmartLab.release.xcconfig */;
			buildSettings = {
				ASSETCATALOG_COMPILER_APPICON_NAME = AppIcon;
				CODE_SIGN_STYLE = Automatic;
				DEVELOPMENT_TEAM = ASDMGZ58GV;
				INFOPLIST_FILE = SmartLab/Info.plist;
				LD_RUNPATH_SEARCH_PATHS = (
					"$(inherited)",
					"@executable_path/Frameworks",
				);
				PRODUCT_BUNDLE_IDENTIFIER = com.maika.SmartLab;
				PRODUCT_NAME = "$(TARGET_NAME)";
				SWIFT_VERSION = 5.0;
				TARGETED_DEVICE_FAMILY = "1,2";
			};
			name = Release;
		};
/* End XCBuildConfiguration section */

/* Begin XCConfigurationList section */
		29F464A823955C58004CE460 /* Build configuration list for PBXProject "SmartLab" */ = {
			isa = XCConfigurationList;
			buildConfigurations = (
				29F464BD23955C5A004CE460 /* Debug */,
				29F464BE23955C5A004CE460 /* Release */,
			);
			defaultConfigurationIsVisible = 0;
			defaultConfigurationName = Release;
		};
		29F464BF23955C5A004CE460 /* Build configuration list for PBXNativeTarget "SmartLab" */ = {
			isa = XCConfigurationList;
			buildConfigurations = (
				29F464C023955C5A004CE460 /* Debug */,
				29F464C123955C5A004CE460 /* Release */,
			);
			defaultConfigurationIsVisible = 0;
			defaultConfigurationName = Release;
		};
/* End XCConfigurationList section */
	};
	rootObject = 29F464A523955C58004CE460 /* Project object */;
}
